
Microsoft Visual Studio Solution File, Format Version 12.00
# Visual Studio Version 17
VisualStudioVersion = 17.1.32210.238
MinimumVisualStudioVersion = 10.0.40219.1
Project("{9A19103F-16F7-4668-BE54-9A1E7A4F7556}") = "WineTime", "WineTime\WineTime.csproj", "{95DFC12E-8AEA-4BA8-8F95-8EDBF037DF1E}"
EndProject
Project("{9A19103F-16F7-4668-BE54-9A1E7A4F7556}") = "WineTime.Core", "WineTime.Core\WineTime.Core.csproj", "{A6581439-2766-400D-8430-3DB5D2DFC3D7}"
EndProject
Project("{9A19103F-16F7-4668-BE54-9A1E7A4F7556}") = "WineTime.Infrastructure", "WineTime.Infrastructure\WineTime.Infrastructure.csproj", "{8C0EA741-7225-403C-9534-91C9A364211B}"
EndProject
Project("{FAE04EC0-301F-11D3-BF4B-00C04F79EFBC}") = "WineTime.Tests", "WineTime.Tests\WineTime.Tests.csproj", "{2A893AFD-2C50-4850-BF08-DB0B93AF6C19}"
EndProject
Global
	GlobalSection(SolutionConfigurationPlatforms) = preSolution
		Debug|Any CPU = Debug|Any CPU
		Release|Any CPU = Release|Any CPU
	EndGlobalSection
	GlobalSection(ProjectConfigurationPlatforms) = postSolution
		{95DFC12E-8AEA-4BA8-8F95-8EDBF037DF1E}.Debug|Any CPU.ActiveCfg = Debug|Any CPU
		{95DFC12E-8AEA-4BA8-8F95-8EDBF037DF1E}.Debug|Any CPU.Build.0 = Debug|Any CPU
		{95DFC12E-8AEA-4BA8-8F95-8EDBF037DF1E}.Release|Any CPU.ActiveCfg = Release|Any CPU
		{95DFC12E-8AEA-4BA8-8F95-8EDBF037DF1E}.Release|Any CPU.Build.0 = Release|Any CPU
		{A6581439-2766-400D-8430-3DB5D2DFC3D7}.Debug|Any CPU.ActiveCfg = Debug|Any CPU
		{A6581439-2766-400D-8430-3DB5D2DFC3D7}.Debug|Any CPU.Build.0 = Debug|Any CPU
		{A6581439-2766-400D-8430-3DB5D2DFC3D7}.Release|Any CPU.ActiveCfg = Release|Any CPU
		{A6581439-2766-400D-8430-3DB5D2DFC3D7}.Release|Any CPU.Build.0 = Release|Any CPU
		{8C0EA741-7225-403C-9534-91C9A364211B}.Debug|Any CPU.ActiveCfg = Debug|Any CPU
		{8C0EA741-7225-403C-9534-91C9A364211B}.Debug|Any CPU.Build.0 = Debug|Any CPU
		{8C0EA741-7225-403C-9534-91C9A364211B}.Release|Any CPU.ActiveCfg = Release|Any CPU
		{8C0EA741-7225-403C-9534-91C9A364211B}.Release|Any CPU.Build.0 = Release|Any CPU
		{2A893AFD-2C50-4850-BF08-DB0B93AF6C19}.Debug|Any CPU.ActiveCfg = Debug|Any CPU
		{2A893AFD-2C50-4850-BF08-DB0B93AF6C19}.Debug|Any CPU.Build.0 = Debug|Any CPU
		{2A893AFD-2C50-4850-BF08-DB0B93AF6C19}.Release|Any CPU.ActiveCfg = Release|Any CPU
		{2A893AFD-2C50-4850-BF08-DB0B93AF6C19}.Release|Any CPU.Build.0 = Release|Any CPU
	EndGlobalSection
	GlobalSection(SolutionProperties) = preSolution
		HideSolutionNode = FALSE
	EndGlobalSection
	GlobalSection(ExtensibilityGlobals) = postSolution
		SolutionGuid = {8B0E80A1-6D40-46B1-87D3-8DFB6606777B}
	EndGlobalSection
EndGlobal
